// !$*UTF8*$!
{
	archiveVersion = 1;
	classes = {
	};
	objectVersion = 48;
	objects = {

/* Begin PBXBuildFile section */
		111263F320FC866800519796 /* Yellow.m4a in Resources */ = {isa = PBXBuildFile; fileRef = 111263EF20FC866700519796 /* Yellow.m4a */; };
		111263F420FC866800519796 /* Green.m4a in Resources */ = {isa = PBXBuildFile; fileRef = 111263F020FC866800519796 /* Green.m4a */; };
		111263F520FC866800519796 /* Red.m4a in Resources */ = {isa = PBXBuildFile; fileRef = 111263F120FC866800519796 /* Red.m4a */; };
		111263F620FC866800519796 /* Blue.m4a in Resources */ = {isa = PBXBuildFile; fileRef = 111263F220FC866800519796 /* Blue.m4a */; };
		1122196420DF9AC500ECF5F8 /* HighScores.swift in Sources */ = {isa = PBXBuildFile; fileRef = 1122196320DF9AC500ECF5F8 /* HighScores.swift */; };
		1156F4F32089E17400F2372E /* Constants.swift in Sources */ = {isa = PBXBuildFile; fileRef = 1156F4F22089E17400F2372E /* Constants.swift */; };
		11668CC220DC36DE000EDFBB /* GamePanel.swift in Sources */ = {isa = PBXBuildFile; fileRef = 11668CC120DC36DE000EDFBB /* GamePanel.swift */; };
		11F97764205CB07F00057241 /* AppDelegate.swift in Sources */ = {isa = PBXBuildFile; fileRef = 11F97763205CB07F00057241 /* AppDelegate.swift */; };
		11F97766205CB07F00057241 /* Panels4VC.swift in Sources */ = {isa = PBXBuildFile; fileRef = 11F97765205CB07F00057241 /* Panels4VC.swift */; };
		11F97769205CB07F00057241 /* Main.storyboard in Resources */ = {isa = PBXBuildFile; fileRef = 11F97767205CB07F00057241 /* Main.storyboard */; };
		11F9776B205CB07F00057241 /* Assets.xcassets in Resources */ = {isa = PBXBuildFile; fileRef = 11F9776A205CB07F00057241 /* Assets.xcassets */; };
		11F9776E205CB07F00057241 /* LaunchScreen.storyboard in Resources */ = {isa = PBXBuildFile; fileRef = 11F9776C205CB07F00057241 /* LaunchScreen.storyboard */; };
		EF8D0559A28E619A718E3C6B /* Pods_RepeatAfterMe.framework in Frameworks */ = {isa = PBXBuildFile; fileRef = 52D75BDFAC1DB8E124FA9B95 /* Pods_RepeatAfterMe.framework */; };
/* End PBXBuildFile section */

/* Begin PBXFileReference section */
		111263EF20FC866700519796 /* Yellow.m4a */ = {isa = PBXFileReference; lastKnownFileType = file; name = Yellow.m4a; path = Sounds/Yellow.m4a; sourceTree = SOURCE_ROOT; };
		111263F020FC866800519796 /* Green.m4a */ = {isa = PBXFileReference; lastKnownFileType = file; name = Green.m4a; path = Sounds/Green.m4a; sourceTree = SOURCE_ROOT; };
		111263F120FC866800519796 /* Red.m4a */ = {isa = PBXFileReference; lastKnownFileType = file; name = Red.m4a; path = Sounds/Red.m4a; sourceTree = SOURCE_ROOT; };
		111263F220FC866800519796 /* Blue.m4a */ = {isa = PBXFileReference; lastKnownFileType = file; name = Blue.m4a; path = Sounds/Blue.m4a; sourceTree = SOURCE_ROOT; };
		1122196320DF9AC500ECF5F8 /* HighScores.swift */ = {isa = PBXFileReference; lastKnownFileType = sourcecode.swift; path = HighScores.swift; sourceTree = "<group>"; };
		1156F4F22089E17400F2372E /* Constants.swift */ = {isa = PBXFileReference; lastKnownFileType = sourcecode.swift; path = Constants.swift; sourceTree = "<group>"; };
		11668CC120DC36DE000EDFBB /* GamePanel.swift */ = {isa = PBXFileReference; lastKnownFileType = sourcecode.swift; path = GamePanel.swift; sourceTree = "<group>"; };
		11F97760205CB07F00057241 /* RepeatAfterMe.app */ = {isa = PBXFileReference; explicitFileType = wrapper.application; includeInIndex = 0; path = RepeatAfterMe.app; sourceTree = BUILT_PRODUCTS_DIR; };
		11F97763205CB07F00057241 /* AppDelegate.swift */ = {isa = PBXFileReference; lastKnownFileType = sourcecode.swift; path = AppDelegate.swift; sourceTree = "<group>"; };
		11F97765205CB07F00057241 /* Panels4VC.swift */ = {isa = PBXFileReference; lastKnownFileType = sourcecode.swift; path = Panels4VC.swift; sourceTree = "<group>"; };
		11F97768205CB07F00057241 /* Base */ = {isa = PBXFileReference; lastKnownFileType = file.storyboard; name = Base; path = Base.lproj/Main.storyboard; sourceTree = "<group>"; };
		11F9776A205CB07F00057241 /* Assets.xcassets */ = {isa = PBXFileReference; lastKnownFileType = folder.assetcatalog; path = Assets.xcassets; sourceTree = "<group>"; };
		11F9776D205CB07F00057241 /* Base */ = {isa = PBXFileReference; lastKnownFileType = file.storyboard; name = Base; path = Base.lproj/LaunchScreen.storyboard; sourceTree = "<group>"; };
		11F9776F205CB07F00057241 /* Info.plist */ = {isa = PBXFileReference; lastKnownFileType = text.plist.xml; path = Info.plist; sourceTree = "<group>"; };
		1F39C6CC190FB3DB14ABF968 /* Pods-RepeatAfterMe.release.xcconfig */ = {isa = PBXFileReference; includeInIndex = 1; lastKnownFileType = text.xcconfig; name = "Pods-RepeatAfterMe.release.xcconfig"; path = "Pods/Target Support Files/Pods-RepeatAfterMe/Pods-RepeatAfterMe.release.xcconfig"; sourceTree = "<group>"; };
		52D75BDFAC1DB8E124FA9B95 /* Pods_RepeatAfterMe.framework */ = {isa = PBXFileReference; explicitFileType = wrapper.framework; includeInIndex = 0; path = Pods_RepeatAfterMe.framework; sourceTree = BUILT_PRODUCTS_DIR; };
		53D1BA1D6070D484AC173E6B /* Pods-RepeatAfterMe.debug.xcconfig */ = {isa = PBXFileReference; includeInIndex = 1; lastKnownFileType = text.xcconfig; name = "Pods-RepeatAfterMe.debug.xcconfig"; path = "Pods/Target Support Files/Pods-RepeatAfterMe/Pods-RepeatAfterMe.debug.xcconfig"; sourceTree = "<group>"; };
/* End PBXFileReference section */

/* Begin PBXFrameworksBuildPhase section */
		11F9775D205CB07F00057241 /* Frameworks */ = {
			isa = PBXFrameworksBuildPhase;
			buildActionMask = 2147483647;
			files = (
				EF8D0559A28E619A718E3C6B /* Pods_RepeatAfterMe.framework in Frameworks */,
			);
			runOnlyForDeploymentPostprocessing = 0;
		};
/* End PBXFrameworksBuildPhase section */

/* Begin PBXGroup section */
		1122196220DF9AA300ECF5F8 /* Data Model */ = {
			isa = PBXGroup;
			children = (
				1122196320DF9AC500ECF5F8 /* HighScores.swift */,
			);
			path = "Data Model";
			sourceTree = "<group>";
		};
		1156F4F12089E15C00F2372E /* Utilities */ = {
			isa = PBXGroup;
			children = (
				1156F4F22089E17400F2372E /* Constants.swift */,
			);
			path = Utilities;
			sourceTree = "<group>";
		};
		11668CC020DC36BC000EDFBB /* View */ = {
			isa = PBXGroup;
			children = (
				11668CC120DC36DE000EDFBB /* GamePanel.swift */,
			);
			path = View;
			sourceTree = "<group>";
		};
		11F97757205CB07F00057241 = {
			isa = PBXGroup;
			children = (
				11F97762205CB07F00057241 /* RepeatAfterMe */,
				11F97761205CB07F00057241 /* Products */,
				5A16E2D1AF9E8710011E122C /* Pods */,
				9DC7B301BAE89095220475D8 /* Frameworks */,
			);
			sourceTree = "<group>";
		};
		11F97761205CB07F00057241 /* Products */ = {
			isa = PBXGroup;
			children = (
				11F97760205CB07F00057241 /* RepeatAfterMe.app */,
			);
			name = Products;
			sourceTree = "<group>";
		};
		11F97762205CB07F00057241 /* RepeatAfterMe */ = {
			isa = PBXGroup;
			children = (
				1122196220DF9AA300ECF5F8 /* Data Model */,
				11668CC020DC36BC000EDFBB /* View */,
				1156F4F12089E15C00F2372E /* Utilities */,
				11F97775205CB5D600057241 /* Controller */,
				11F97763205CB07F00057241 /* AppDelegate.swift */,
				11F97767205CB07F00057241 /* Main.storyboard */,
				11F9776A205CB07F00057241 /* Assets.xcassets */,
				11F9776C205CB07F00057241 /* LaunchScreen.storyboard */,
				111263F220FC866800519796 /* Blue.m4a */,
				111263F020FC866800519796 /* Green.m4a */,
				111263F120FC866800519796 /* Red.m4a */,
				111263EF20FC866700519796 /* Yellow.m4a */,
				11F9776F205CB07F00057241 /* Info.plist */,
			);
			path = RepeatAfterMe;
			sourceTree = "<group>";
		};
		11F97775205CB5D600057241 /* Controller */ = {
			isa = PBXGroup;
			children = (
				11F97765205CB07F00057241 /* Panels4VC.swift */,
			);
			path = Controller;
			sourceTree = "<group>";
		};
		5A16E2D1AF9E8710011E122C /* Pods */ = {
			isa = PBXGroup;
			children = (
				53D1BA1D6070D484AC173E6B /* Pods-RepeatAfterMe.debug.xcconfig */,
				1F39C6CC190FB3DB14ABF968 /* Pods-RepeatAfterMe.release.xcconfig */,
			);
			name = Pods;
			sourceTree = "<group>";
		};
		9DC7B301BAE89095220475D8 /* Frameworks */ = {
			isa = PBXGroup;
			children = (
				52D75BDFAC1DB8E124FA9B95 /* Pods_RepeatAfterMe.framework */,
			);
			name = Frameworks;
			sourceTree = "<group>";
		};
/* End PBXGroup section */

/* Begin PBXNativeTarget section */
		11F9775F205CB07F00057241 /* RepeatAfterMe */ = {
			isa = PBXNativeTarget;
			buildConfigurationList = 11F97772205CB07F00057241 /* Build configuration list for PBXNativeTarget "RepeatAfterMe" */;
			buildPhases = (
				FF4A2E90E6CFF328F63CF9C7 /* [CP] Check Pods Manifest.lock */,
				11F9775C205CB07F00057241 /* Sources */,
				11F9775D205CB07F00057241 /* Frameworks */,
				11F9775E205CB07F00057241 /* Resources */,
				6230C41F158DD21B54374DCD /* [CP] Embed Pods Frameworks */,
			);
			buildRules = (
			);
			dependencies = (
			);
			name = RepeatAfterMe;
			productName = RepeatAfterMe;
			productReference = 11F97760205CB07F00057241 /* RepeatAfterMe.app */;
			productType = "com.apple.product-type.application";
		};
/* End PBXNativeTarget section */

/* Begin PBXProject section */
		11F97758205CB07F00057241 /* Project object */ = {
			isa = PBXProject;
			attributes = {
				LastSwiftUpdateCheck = 0920;
				LastUpgradeCheck = 0940;
				ORGANIZATIONNAME = JesmondCamilleri;
				TargetAttributes = {
					11F9775F205CB07F00057241 = {
						CreatedOnToolsVersion = 9.2;
						ProvisioningStyle = Automatic;
					};
				};
			};
			buildConfigurationList = 11F9775B205CB07F00057241 /* Build configuration list for PBXProject "RepeatAfterMe" */;
			compatibilityVersion = "Xcode 8.0";
			developmentRegion = en;
			hasScannedForEncodings = 0;
			knownRegions = (
				en,
				Base,
			);
			mainGroup = 11F97757205CB07F00057241;
			productRefGroup = 11F97761205CB07F00057241 /* Products */;
			projectDirPath = "";
			projectRoot = "";
			targets = (
				11F9775F205CB07F00057241 /* RepeatAfterMe */,
			);
		};
/* End PBXProject section */

/* Begin PBXResourcesBuildPhase section */
		11F9775E205CB07F00057241 /* Resources */ = {
			isa = PBXResourcesBuildPhase;
			buildActionMask = 2147483647;
			files = (
				111263F520FC866800519796 /* Red.m4a in Resources */,
				11F9776E205CB07F00057241 /* LaunchScreen.storyboard in Resources */,
				111263F620FC866800519796 /* Blue.m4a in Resources */,
				11F9776B205CB07F00057241 /* Assets.xcassets in Resources */,
				111263F420FC866800519796 /* Green.m4a in Resources */,
				111263F320FC866800519796 /* Yellow.m4a in Resources */,
				11F97769205CB07F00057241 /* Main.storyboard in Resources */,
			);
			runOnlyForDeploymentPostprocessing = 0;
		};
/* End PBXResourcesBuildPhase section */

/* Begin PBXShellScriptBuildPhase section */
		6230C41F158DD21B54374DCD /* [CP] Embed Pods Frameworks */ = {
			isa = PBXShellScriptBuildPhase;
			buildActionMask = 2147483647;
			files = (
			);
			inputPaths = (
				"${SRCROOT}/Pods/Target Support Files/Pods-RepeatAfterMe/Pods-RepeatAfterMe-frameworks.sh",
				"${BUILT_PRODUCTS_DIR}/ChameleonFramework/ChameleonFramework.framework",
				"${BUILT_PRODUCTS_DIR}/Realm/Realm.framework",
				"${BUILT_PRODUCTS_DIR}/RealmSwift/RealmSwift.framework",
				"${BUILT_PRODUCTS_DIR}/SwiftyTimer/SwiftyTimer.framework",
			);
			name = "[CP] Embed Pods Frameworks";
			outputPaths = (
				"${TARGET_BUILD_DIR}/${FRAMEWORKS_FOLDER_PATH}/ChameleonFramework.framework",
				"${TARGET_BUILD_DIR}/${FRAMEWORKS_FOLDER_PATH}/Realm.framework",
				"${TARGET_BUILD_DIR}/${FRAMEWORKS_FOLDER_PATH}/RealmSwift.framework",
				"${TARGET_BUILD_DIR}/${FRAMEWORKS_FOLDER_PATH}/SwiftyTimer.framework",
			);
			runOnlyForDeploymentPostprocessing = 0;
			shellPath = /bin/sh;
			shellScript = "\"${SRCROOT}/Pods/Target Support Files/Pods-RepeatAfterMe/Pods-RepeatAfterMe-frameworks.sh\"\n";
			showEnvVarsInLog = 0;
		};
		FF4A2E90E6CFF328F63CF9C7 /* [CP] Check Pods Manifest.lock */ = {
			isa = PBXShellScriptBuildPhase;
			buildActionMask = 2147483647;
			files = (
			);
			inputPaths = (
				"${PODS_PODFILE_DIR_PATH}/Podfile.lock",
				"${PODS_ROOT}/Manifest.lock",
			);
			name = "[CP] Check Pods Manifest.lock";
			outputPaths = (
				"$(DERIVED_FILE_DIR)/Pods-RepeatAfterMe-checkManifestLockResult.txt",
			);
			runOnlyForDeploymentPostprocessing = 0;
			shellPath = /bin/sh;
			shellScript = "diff \"${PODS_PODFILE_DIR_PATH}/Podfile.lock\" \"${PODS_ROOT}/Manifest.lock\" > /dev/null\nif [ $? != 0 ] ; then\n    # print error to STDERR\n    echo \"error: The sandbox is not in sync with the Podfile.lock. Run 'pod install' or update your CocoaPods installation.\" >&2\n    exit 1\nfi\n# This output is used by Xcode 'outputs' to avoid re-running this script phase.\necho \"SUCCESS\" > \"${SCRIPT_OUTPUT_FILE_0}\"\n";
			showEnvVarsInLog = 0;
		};
/* End PBXShellScriptBuildPhase section */

/* Begin PBXSourcesBuildPhase section */
		11F9775C205CB07F00057241 /* Sources */ = {
			isa = PBXSourcesBuildPhase;
			buildActionMask = 2147483647;
			files = (
				11F97766205CB07F00057241 /* Panels4VC.swift in Sources */,
				11F97764205CB07F00057241 /* AppDelegate.swift in Sources */,
				11668CC220DC36DE000EDFBB /* GamePanel.swift in Sources */,
				1156F4F32089E17400F2372E /* Constants.swift in Sources */,
				1122196420DF9AC500ECF5F8 /* HighScores.swift in Sources */,
			);
			runOnlyForDeploymentPostprocessing = 0;
		};
/* End PBXSourcesBuildPhase section */

/* Begin PBXVariantGroup section */
		11F97767205CB07F00057241 /* Main.storyboard */ = {
			isa = PBXVariantGroup;
			children = (
				11F97768205CB07F00057241 /* Base */,
			);
			name = Main.storyboard;
			sourceTree = "<group>";
		};
		11F9776C205CB07F00057241 /* LaunchScreen.storyboard */ = {
			isa = PBXVariantGroup;
			children = (
				11F9776D205CB07F00057241 /* Base */,
			);
			name = LaunchScreen.storyboard;
			sourceTree = "<group>";
		};
/* End PBXVariantGroup section */

/* Begin XCBuildConfiguration section */
		11F97770205CB07F00057241 /* Debug */ = {
			isa = XCBuildConfiguration;
			buildSettings = {
				ALWAYS_SEARCH_USER_PATHS = NO;
				CLANG_ANALYZER_NONNULL = YES;
				CLANG_ANALYZER_NUMBER_OBJECT_CONVERSION = YES_AGGRESSIVE;
				CLANG_CXX_LANGUAGE_STANDARD = "gnu++14";
				CLANG_CXX_LIBRARY = "libc++";
				CLANG_ENABLE_MODULES = YES;
				CLANG_ENABLE_OBJC_ARC = YES;
				CLANG_WARN_BLOCK_CAPTURE_AUTORELEASING = YES;
				CLANG_WARN_BOOL_CONVERSION = YES;
				CLANG_WARN_COMMA = YES;
				CLANG_WARN_CONSTANT_CONVERSION = YES;
				CLANG_WARN_DEPRECATED_OBJC_IMPLEMENTATIONS = YES;
				CLANG_WARN_DIRECT_OBJC_ISA_USAGE = YES_ERROR;
				CLANG_WARN_DOCUMENTATION_COMMENTS = YES;
				CLANG_WARN_EMPTY_BODY = YES;
				CLANG_WARN_ENUM_CONVERSION = YES;
				CLANG_WARN_INFINITE_RECURSION = YES;
				CLANG_WARN_INT_CONVERSION = YES;
				CLANG_WARN_NON_LITERAL_NULL_CONVERSION = YES;
				CLANG_WARN_OBJC_IMPLICIT_RETAIN_SELF = YES;
				CLANG_WARN_OBJC_LITERAL_CONVERSION = YES;
				CLANG_WARN_OBJC_ROOT_CLASS = YES_ERROR;
				CLANG_WARN_RANGE_LOOP_ANALYSIS = YES;
				CLANG_WARN_STRICT_PROTOTYPES = YES;
				CLANG_WARN_SUSPICIOUS_MOVE = YES;
				CLANG_WARN_UNGUARDED_AVAILABILITY = YES_AGGRESSIVE;
				CLANG_WARN_UNREACHABLE_CODE = YES;
				CLANG_WARN__DUPLICATE_METHOD_MATCH = YES;
				CODE_SIGN_IDENTITY = "iPhone Developer";
				COPY_PHASE_STRIP = NO;
				DEBUG_INFORMATION_FORMAT = dwarf;
				ENABLE_STRICT_OBJC_MSGSEND = YES;
				ENABLE_TESTABILITY = YES;
				GCC_C_LANGUAGE_STANDARD = gnu11;
				GCC_DYNAMIC_NO_PIC = NO;
				GCC_NO_COMMON_BLOCKS = YES;
				GCC_OPTIMIZATION_LEVEL = 0;
				GCC_PREPROCESSOR_DEFINITIONS = (
					"DEBUG=1",
					"$(inherited)",
				);
				GCC_WARN_64_TO_32_BIT_CONVERSION = YES;
				GCC_WARN_ABOUT_RETURN_TYPE = YES_ERROR;
				GCC_WARN_UNDECLARED_SELECTOR = YES;
				GCC_WARN_UNINITIALIZED_AUTOS = YES_AGGRESSIVE;
				GCC_WARN_UNUSED_FUNCTION = YES;
				GCC_WARN_UNUSED_VARIABLE = YES;
				IPHONEOS_DEPLOYMENT_TARGET = 11.2;
				MTL_ENABLE_DEBUG_INFO = YES;
				ONLY_ACTIVE_ARCH = YES;
				SDKROOT = iphoneos;
				SWIFT_ACTIVE_COMPILATION_CONDITIONS = DEBUG;
				SWIFT_OPTIMIZATION_LEVEL = "-Onone";
			};
			name = Debug;
		};
		11F97771205CB07F00057241 /* Release */ = {
			isa = XCBuildConfiguration;
			buildSettings = {
				ALWAYS_SEARCH_USER_PATHS = NO;
				CLANG_ANALYZER_NONNULL = YES;
				CLANG_ANALYZER_NUMBER_OBJECT_CONVERSION = YES_AGGRESSIVE;
				CLANG_CXX_LANGUAGE_STANDARD = "gnu++14";
				CLANG_CXX_LIBRARY = "libc++";
				CLANG_ENABLE_MODULES = YES;
				CLANG_ENABLE_OBJC_ARC = YES;
				CLANG_WARN_BLOCK_CAPTURE_AUTORELEASING = YES;
				CLANG_WARN_BOOL_CONVERSION = YES;
				CLANG_WARN_COMMA = YES;
				CLANG_WARN_CONSTANT_CONVERSION = YES;
				CLANG_WARN_DEPRECATED_OBJC_IMPLEMENTATIONS = YES;
				CLANG_WARN_DIRECT_OBJC_ISA_USAGE = YES_ERROR;
				CLANG_WARN_DOCUMENTATION_COMMENTS = YES;
				CLANG_WARN_EMPTY_BODY = YES;
				CLANG_WARN_ENUM_CONVERSION = YES;
				CLANG_WARN_INFINITE_RECURSION = YES;
				CLANG_WARN_INT_CONVERSION = YES;
				CLANG_WARN_NON_LITERAL_NULL_CONVERSION = YES;
				CLANG_WARN_OBJC_IMPLICIT_RETAIN_SELF = YES;
				CLANG_WARN_OBJC_LITERAL_CONVERSION = YES;
				CLANG_WARN_OBJC_ROOT_CLASS = YES_ERROR;
				CLANG_WARN_RANGE_LOOP_ANALYSIS = YES;
				CLANG_WARN_STRICT_PROTOTYPES = YES;
				CLANG_WARN_SUSPICIOUS_MOVE = YES;
				CLANG_WARN_UNGUARDED_AVAILABILITY = YES_AGGRESSIVE;
				CLANG_WARN_UNREACHABLE_CODE = YES;
				CLANG_WARN__DUPLICATE_METHOD_MATCH = YES;
				CODE_SIGN_IDENTITY = "iPhone Developer";
				COPY_PHASE_STRIP = NO;
				DEBUG_INFORMATION_FORMAT = "dwarf-with-dsym";
				ENABLE_NS_ASSERTIONS = NO;
				ENABLE_STRICT_OBJC_MSGSEND = YES;
				GCC_C_LANGUAGE_STANDARD = gnu11;
				GCC_NO_COMMON_BLOCKS = YES;
				GCC_WARN_64_TO_32_BIT_CONVERSION = YES;
				GCC_WARN_ABOUT_RETURN_TYPE = YES_ERROR;
				GCC_WARN_UNDECLARED_SELECTOR = YES;
				GCC_WARN_UNINITIALIZED_AUTOS = YES_AGGRESSIVE;
				GCC_WARN_UNUSED_FUNCTION = YES;
				GCC_WARN_UNUSED_VARIABLE = YES;
				IPHONEOS_DEPLOYMENT_TARGET = 11.2;
				MTL_ENABLE_DEBUG_INFO = NO;
				SDKROOT = iphoneos;
				SWIFT_OPTIMIZATION_LEVEL = "-Owholemodule";
				VALIDATE_PRODUCT = YES;
			};
			name = Release;
		};
		11F97773205CB07F00057241 /* Debug */ = {
			isa = XCBuildConfiguration;
			baseConfigurationReference = 53D1BA1D6070D484AC173E6B /* Pods-RepeatAfterMe.debug.xcconfig */;
			buildSettings = {
				ASSETCATALOG_COMPILER_APPICON_NAME = AppIcon;
				CODE_SIGN_STYLE = Automatic;
				DEVELOPMENT_TEAM = F9LKD5C7D8;
				INFOPLIST_FILE = RepeatAfterMe/Info.plist;
				IPHONEOS_DEPLOYMENT_TARGET = 11.1;
				LD_RUNPATH_SEARCH_PATHS = "$(inherited) @executable_path/Frameworks";
				PRODUCT_BUNDLE_IDENTIFIER = com.JesmondCamilleri.RepeatAfterMe;
				PRODUCT_NAME = "$(TARGET_NAME)";
				SWIFT_VERSION = 4.0;
				TARGETED_DEVICE_FAMILY = "1,2";
			};
			name = Debug;
		};
		11F97774205CB07F00057241 /* Release */ = {
			isa = XCBuildConfiguration;
			baseConfigurationReference = 1F39C6CC190FB3DB14ABF968 /* Pods-RepeatAfterMe.release.xcconfig */;
			buildSettings = {
				ASSETCATALOG_COMPILER_APPICON_NAME = AppIcon;
				CODE_SIGN_STYLE = Automatic;
				DEVELOPMENT_TEAM = F9LKD5C7D8;
				INFOPLIST_FILE = RepeatAfterMe/Info.plist;
				IPHONEOS_DEPLOYMENT_TARGET = 11.1;
				LD_RUNPATH_SEARCH_PATHS = "$(inherited) @executable_path/Frameworks";
				PRODUCT_BUNDLE_IDENTIFIER = com.JesmondCamilleri.RepeatAfterMe;
				PRODUCT_NAME = "$(TARGET_NAME)";
				SWIFT_VERSION = 4.0;
				TARGETED_DEVICE_FAMILY = "1,2";
			};
			name = Release;
		};
/* End XCBuildConfiguration section */

/* Begin XCConfigurationList section */
		11F9775B205CB07F00057241 /* Build configuration list for PBXProject "RepeatAfterMe" */ = {
			isa = XCConfigurationList;
			buildConfigurations = (
				11F97770205CB07F00057241 /* Debug */,
				11F97771205CB07F00057241 /* Release */,
			);
			defaultConfigurationIsVisible = 0;
			defaultConfigurationName = Release;
		};
		11F97772205CB07F00057241 /* Build configuration list for PBXNativeTarget "RepeatAfterMe" */ = {
			isa = XCConfigurationList;
			buildConfigurations = (
				11F97773205CB07F00057241 /* Debug */,
				11F97774205CB07F00057241 /* Release */,
			);
			defaultConfigurationIsVisible = 0;
			defaultConfigurationName = Release;
		};
/* End XCConfigurationList section */
	};
	rootObject = 11F97758205CB07F00057241 /* Project object */;
}
